
Microsoft Visual Studio Solution File, Format Version 12.00
# Visual Studio Version 17
VisualStudioVersion = 17.0.31903.59
MinimumVisualStudioVersion = 10.0.40219.1
Project("{FAE04EC0-301F-11D3-BF4B-00C04F79EFBC}") = "Api", "Api\Api.csproj", "{1877C87C-5C00-4694-A207-36C2B2FF35C9}"
EndProject
Project("{FAE04EC0-301F-11D3-BF4B-00C04F79EFBC}") = "AppHost", "AppHost\AppHost.csproj", "{5DE9F3A6-FEC0-4061-930B-90F906E33A28}"
EndProject
Project("{FAE04EC0-301F-11D3-BF4B-00C04F79EFBC}") = "ServiceDefaults", "ServiceDefaults\ServiceDefaults.csproj", "{CE7D7253-F3B9-4E13-B9BE-0FF9363D2C0F}"
EndProject
Project("{FAE04EC0-301F-11D3-BF4B-00C04F79EFBC}") = "Gateway", "Gateway\Gateway.csproj", "{03F3631A-ED49-48B5-AACC-E5928A3BE2DB}"
EndProject
Global
	GlobalSection(SolutionConfigurationPlatforms) = preSolution
		Debug|Any CPU = Debug|Any CPU
		Debug|x64 = Debug|x64
		Debug|x86 = Debug|x86
		Release|Any CPU = Release|Any CPU
		Release|x64 = Release|x64
		Release|x86 = Release|x86
	EndGlobalSection
	GlobalSection(ProjectConfigurationPlatforms) = postSolution
		{1877C87C-5C00-4694-A207-36C2B2FF35C9}.Debug|Any CPU.ActiveCfg = Debug|Any CPU
		{1877C87C-5C00-4694-A207-36C2B2FF35C9}.Debug|Any CPU.Build.0 = Debug|Any CPU
		{1877C87C-5C00-4694-A207-36C2B2FF35C9}.Debug|x64.ActiveCfg = Debug|Any CPU
		{1877C87C-5C00-4694-A207-36C2B2FF35C9}.Debug|x64.Build.0 = Debug|Any CPU
		{1877C87C-5C00-4694-A207-36C2B2FF35C9}.Debug|x86.ActiveCfg = Debug|Any CPU
		{1877C87C-5C00-4694-A207-36C2B2FF35C9}.Debug|x86.Build.0 = Debug|Any CPU
		{1877C87C-5C00-4694-A207-36C2B2FF35C9}.Release|Any CPU.ActiveCfg = Release|Any CPU
		{1877C87C-5C00-4694-A207-36C2B2FF35C9}.Release|Any CPU.Build.0 = Release|Any CPU
		{1877C87C-5C00-4694-A207-36C2B2FF35C9}.Release|x64.ActiveCfg = Release|Any CPU
		{1877C87C-5C00-4694-A207-36C2B2FF35C9}.Release|x64.Build.0 = Release|Any CPU
		{1877C87C-5C00-4694-A207-36C2B2FF35C9}.Release|x86.ActiveCfg = Release|Any CPU
		{1877C87C-5C00-4694-A207-36C2B2FF35C9}.Release|x86.Build.0 = Release|Any CPU
		{5DE9F3A6-FEC0-4061-930B-90F906E33A28}.Debug|Any CPU.ActiveCfg = Debug|Any CPU
		{5DE9F3A6-FEC0-4061-930B-90F906E33A28}.Debug|Any CPU.Build.0 = Debug|Any CPU
		{5DE9F3A6-FEC0-4061-930B-90F906E33A28}.Debug|x64.ActiveCfg = Debug|Any CPU
		{5DE9F3A6-FEC0-4061-930B-90F906E33A28}.Debug|x64.Build.0 = Debug|Any CPU
		{5DE9F3A6-FEC0-4061-930B-90F906E33A28}.Debug|x86.ActiveCfg = Debug|Any CPU
		{5DE9F3A6-FEC0-4061-930B-90F906E33A28}.Debug|x86.Build.0 = Debug|Any CPU
		{5DE9F3A6-FEC0-4061-930B-90F906E33A28}.Release|Any CPU.ActiveCfg = Release|Any CPU
		{5DE9F3A6-FEC0-4061-930B-90F906E33A28}.Release|Any CPU.Build.0 = Release|Any CPU
		{5DE9F3A6-FEC0-4061-930B-90F906E33A28}.Release|x64.ActiveCfg = Release|Any CPU
		{5DE9F3A6-FEC0-4061-930B-90F906E33A28}.Release|x64.Build.0 = Release|Any CPU
		{5DE9F3A6-FEC0-4061-930B-90F906E33A28}.Release|x86.ActiveCfg = Release|Any CPU
		{5DE9F3A6-FEC0-4061-930B-90F906E33A28}.Release|x86.Build.0 = Release|Any CPU
		{CE7D7253-F3B9-4E13-B9BE-0FF9363D2C0F}.Debug|Any CPU.ActiveCfg = Debug|Any CPU
		{CE7D7253-F3B9-4E13-B9BE-0FF9363D2C0F}.Debug|Any CPU.Build.0 = Debug|Any CPU
		{CE7D7253-F3B9-4E13-B9BE-0FF9363D2C0F}.Debug|x64.ActiveCfg = Debug|Any CPU
		{CE7D7253-F3B9-4E13-B9BE-0FF9363D2C0F}.Debug|x64.Build.0 = Debug|Any CPU
		{CE7D7253-F3B9-4E13-B9BE-0FF9363D2C0F}.Debug|x86.ActiveCfg = Debug|Any CPU
		{CE7D7253-F3B9-4E13-B9BE-0FF9363D2C0F}.Debug|x86.Build.0 = Debug|Any CPU
		{CE7D7253-F3B9-4E13-B9BE-0FF9363D2C0F}.Release|Any CPU.ActiveCfg = Release|Any CPU
		{CE7D7253-F3B9-4E13-B9BE-0FF9363D2C0F}.Release|Any CPU.Build.0 = Release|Any CPU
		{CE7D7253-F3B9-4E13-B9BE-0FF9363D2C0F}.Release|x64.ActiveCfg = Release|Any CPU
		{CE7D7253-F3B9-4E13-B9BE-0FF9363D2C0F}.Release|x64.Build.0 = Release|Any CPU
		{CE7D7253-F3B9-4E13-B9BE-0FF9363D2C0F}.Release|x86.ActiveCfg = Release|Any CPU
		{CE7D7253-F3B9-4E13-B9BE-0FF9363D2C0F}.Release|x86.Build.0 = Release|Any CPU
		{03F3631A-ED49-48B5-AACC-E5928A3BE2DB}.Debug|Any CPU.ActiveCfg = Debug|Any CPU
		{03F3631A-ED49-48B5-AACC-E5928A3BE2DB}.Debug|Any CPU.Build.0 = Debug|Any CPU
		{03F3631A-ED49-48B5-AACC-E5928A3BE2DB}.Debug|x64.ActiveCfg = Debug|Any CPU
		{03F3631A-ED49-48B5-AACC-E5928A3BE2DB}.Debug|x64.Build.0 = Debug|Any CPU
		{03F3631A-ED49-48B5-AACC-E5928A3BE2DB}.Debug|x86.ActiveCfg = Debug|Any CPU
		{03F3631A-ED49-48B5-AACC-E5928A3BE2DB}.Debug|x86.Build.0 = Debug|Any CPU
		{03F3631A-ED49-48B5-AACC-E5928A3BE2DB}.Release|Any CPU.ActiveCfg = Release|Any CPU
		{03F3631A-ED49-48B5-AACC-E5928A3BE2DB}.Release|Any CPU.Build.0 = Release|Any CPU
		{03F3631A-ED49-48B5-AACC-E5928A3BE2DB}.Release|x64.ActiveCfg = Release|Any CPU
		{03F3631A-ED49-48B5-AACC-E5928A3BE2DB}.Release|x64.Build.0 = Release|Any CPU
		{03F3631A-ED49-48B5-AACC-E5928A3BE2DB}.Release|x86.ActiveCfg = Release|Any CPU
		{03F3631A-ED49-48B5-AACC-E5928A3BE2DB}.Release|x86.Build.0 = Release|Any CPU
	EndGlobalSection
	GlobalSection(SolutionProperties) = preSolution
		HideSolutionNode = FALSE
	EndGlobalSection
EndGlobal
